// !$*UTF8*$!
{
	archiveVersion = 1;
	classes = {
	};
	objectVersion = 56;
	objects = {

/* Begin PBXBuildFile section */
		BB3819DF36EB73F355CA53F3 /* Pods_Karma.framework in Frameworks */ = {isa = PBXBuildFile; fileRef = 62113E351B962DCB8B9B9EF2 /* Pods_Karma.framework */; };
		E722D9422962ED4A00649324 /* WidgetDataSource.swift in Sources */ = {isa = PBXBuildFile; fileRef = E722D9412962ED4A00649324 /* WidgetDataSource.swift */; };
		E722D94F2962EE8400649324 /* ProfileView.swift in Sources */ = {isa = PBXBuildFile; fileRef = E722D94D2962EE8400649324 /* ProfileView.swift */; };
		E722D9502962EE8400649324 /* AchievementsView.swift in Sources */ = {isa = PBXBuildFile; fileRef = E722D94E2962EE8400649324 /* AchievementsView.swift */; };
		E722D9542962EE9A00649324 /* CredentialViewCell.swift in Sources */ = {isa = PBXBuildFile; fileRef = E722D9522962EE9A00649324 /* CredentialViewCell.swift */; };
		E722D9552962EE9A00649324 /* SettingsView.swift in Sources */ = {isa = PBXBuildFile; fileRef = E722D9532962EE9A00649324 /* SettingsView.swift */; };
		E734CC682949B6FF00941E4C /* Launch Screen.storyboard in Resources */ = {isa = PBXBuildFile; fileRef = E734CC672949B6FF00941E4C /* Launch Screen.storyboard */; };
		E734CC7B2949BA4900941E4C /* OnboardingView.swift in Sources */ = {isa = PBXBuildFile; fileRef = E734CC7A2949BA4900941E4C /* OnboardingView.swift */; };
		E734CC812949BAAF00941E4C /* Constants.swift in Sources */ = {isa = PBXBuildFile; fileRef = E734CC802949BAAF00941E4C /* Constants.swift */; };
		E734CC872949BAF600941E4C /* Font.swift in Sources */ = {isa = PBXBuildFile; fileRef = E734CC832949BAF500941E4C /* Font.swift */; };
		E734CC882949BAF600941E4C /* NetworkError.swift in Sources */ = {isa = PBXBuildFile; fileRef = E734CC842949BAF500941E4C /* NetworkError.swift */; };
		E734CC892949BAF600941E4C /* BaseWorker.swift in Sources */ = {isa = PBXBuildFile; fileRef = E734CC852949BAF600941E4C /* BaseWorker.swift */; };
		E734CC8A2949BAF600941E4C /* View+placeholder.swift in Sources */ = {isa = PBXBuildFile; fileRef = E734CC862949BAF600941E4C /* View+placeholder.swift */; };
		E734CC962949BB5000941E4C /* Montserrat-Light.ttf in Resources */ = {isa = PBXBuildFile; fileRef = E734CC922949BB4F00941E4C /* Montserrat-Light.ttf */; };
		E734CC972949BB5000941E4C /* Montserrat-Medium.ttf in Resources */ = {isa = PBXBuildFile; fileRef = E734CC932949BB4F00941E4C /* Montserrat-Medium.ttf */; };
		E734CC982949BB5000941E4C /* Montserrat-Regular.ttf in Resources */ = {isa = PBXBuildFile; fileRef = E734CC942949BB4F00941E4C /* Montserrat-Regular.ttf */; };
		E734CC992949BB5000941E4C /* Montserrat-Bold.ttf in Resources */ = {isa = PBXBuildFile; fileRef = E734CC952949BB5000941E4C /* Montserrat-Bold.ttf */; };
		E74779A02948C0CB0068E4AB /* KarmaApp.swift in Sources */ = {isa = PBXBuildFile; fileRef = E747799F2948C0CB0068E4AB /* KarmaApp.swift */; };
		E74779A42948C0CD0068E4AB /* Assets.xcassets in Resources */ = {isa = PBXBuildFile; fileRef = E74779A32948C0CD0068E4AB /* Assets.xcassets */; };
		E74779A72948C0CD0068E4AB /* Preview Assets.xcassets in Resources */ = {isa = PBXBuildFile; fileRef = E74779A62948C0CD0068E4AB /* Preview Assets.xcassets */; };
		E74D8DD02949BC5000B1E949 /* ServiceHelpers.swift in Sources */ = {isa = PBXBuildFile; fileRef = E74D8DCF2949BC5000B1E949 /* ServiceHelpers.swift */; };
		E74D8DD32949BC7C00B1E949 /* AuthorizationWorker.swift in Sources */ = {isa = PBXBuildFile; fileRef = E74D8DD22949BC7C00B1E949 /* AuthorizationWorker.swift */; };
		E74D8DD42949BC9500B1E949 /* Authorization.swift in Sources */ = {isa = PBXBuildFile; fileRef = E734CC6E2949B94F00941E4C /* Authorization.swift */; };
		E74D8DD92949C14B00B1E949 /* AuthorizationViewModel.swift in Sources */ = {isa = PBXBuildFile; fileRef = E74D8DD62949C14B00B1E949 /* AuthorizationViewModel.swift */; };
		E74D8DDA2949C14B00B1E949 /* AuthorizationView.swift in Sources */ = {isa = PBXBuildFile; fileRef = E74D8DD72949C14B00B1E949 /* AuthorizationView.swift */; };
		E74D8DDB2949C14B00B1E949 /* AuthorizationView+LoginView.swift in Sources */ = {isa = PBXBuildFile; fileRef = E74D8DD82949C14B00B1E949 /* AuthorizationView+LoginView.swift */; };
		E74D8DDF294AFBFC00B1E949 /* RegistrationViewModel.swift in Sources */ = {isa = PBXBuildFile; fileRef = E74D8DDD294AFBFC00B1E949 /* RegistrationViewModel.swift */; };
		E74D8DE0294AFBFC00B1E949 /* RegistrationView.swift in Sources */ = {isa = PBXBuildFile; fileRef = E74D8DDE294AFBFC00B1E949 /* RegistrationView.swift */; };
		E74D8DE2294AFC7500B1E949 /* AuthorizationView+Content.swift in Sources */ = {isa = PBXBuildFile; fileRef = E74D8DE1294AFC7500B1E949 /* AuthorizationView+Content.swift */; };
		E74D8DE5294C526200B1E949 /* CstTextField.swift in Sources */ = {isa = PBXBuildFile; fileRef = E74D8DE4294C513800B1E949 /* CstTextField.swift */; };
		E74D8DE8294C529200B1E949 /* MainPageView.swift in Sources */ = {isa = PBXBuildFile; fileRef = E74D8DE7294C529200B1E949 /* MainPageView.swift */; };
		E74D8DED294C52A400B1E949 /* MainViewModel.swift in Sources */ = {isa = PBXBuildFile; fileRef = E74D8DEA294C52A400B1E949 /* MainViewModel.swift */; };
		E74D8DEE294C52A400B1E949 /* MainView.swift in Sources */ = {isa = PBXBuildFile; fileRef = E74D8DEB294C52A400B1E949 /* MainView.swift */; };
		E74D8DEF294C52A400B1E949 /* MainViewCell.swift in Sources */ = {isa = PBXBuildFile; fileRef = E74D8DEC294C52A400B1E949 /* MainViewCell.swift */; };
		E7A313BD29669436003A4C37 /* ProfileViewModel.swift in Sources */ = {isa = PBXBuildFile; fileRef = E7A313BC29669436003A4C37 /* ProfileViewModel.swift */; };
		E7A313BF29669481003A4C37 /* NavigationView.swift in Sources */ = {isa = PBXBuildFile; fileRef = E7A313BE29669481003A4C37 /* NavigationView.swift */; };
		E7A313C12966954F003A4C37 /* SettingsProfileWorker.swift in Sources */ = {isa = PBXBuildFile; fileRef = E7A313C02966954F003A4C37 /* SettingsProfileWorker.swift */; };
		E7A313C62967084E003A4C37 /* OrganizationDetailsView.swift in Sources */ = {isa = PBXBuildFile; fileRef = E7A313C52967084D003A4C37 /* OrganizationDetailsView.swift */; };
		E7BC86A7296B08AB0012793E /* InvitedFriends.swift in Sources */ = {isa = PBXBuildFile; fileRef = E7BC86A4296B08AB0012793E /* InvitedFriends.swift */; };
		E7BC86A8296B08AB0012793E /* Achievement.swift in Sources */ = {isa = PBXBuildFile; fileRef = E7BC86A5296B08AB0012793E /* Achievement.swift */; };
		E7BC86A9296B08AB0012793E /* User.swift in Sources */ = {isa = PBXBuildFile; fileRef = E7BC86A6296B08AB0012793E /* User.swift */; };
		E7BC86B0296B09690012793E /* WidgetAchievementView.swift in Sources */ = {isa = PBXBuildFile; fileRef = E7BC86AB296B09680012793E /* WidgetAchievementView.swift */; };
		E7BC86B1296B09690012793E /* WidgetFactoryView.swift in Sources */ = {isa = PBXBuildFile; fileRef = E7BC86AC296B09680012793E /* WidgetFactoryView.swift */; };
		E7BC86B2296B09690012793E /* WidgetPointsView.swift in Sources */ = {isa = PBXBuildFile; fileRef = E7BC86AD296B09680012793E /* WidgetPointsView.swift */; };
		E7BC86B3296B09690012793E /* WidgetSubscribersView.swift in Sources */ = {isa = PBXBuildFile; fileRef = E7BC86AE296B09680012793E /* WidgetSubscribersView.swift */; };
		E7BC86B4296B09690012793E /* WidgetHelpedView.swift in Sources */ = {isa = PBXBuildFile; fileRef = E7BC86AF296B09690012793E /* WidgetHelpedView.swift */; };
		E7E1400C29575DCE00635CCD /* Organization.swift in Sources */ = {isa = PBXBuildFile; fileRef = E7E1400B29575DCE00635CCD /* Organization.swift */; };
		E7E14015295764C500635CCD /* KeychainAccessType.swift in Sources */ = {isa = PBXBuildFile; fileRef = E7E14012295764C400635CCD /* KeychainAccessType.swift */; };
		E7E14016295764C500635CCD /* KeychainConstants.swift in Sources */ = {isa = PBXBuildFile; fileRef = E7E14013295764C400635CCD /* KeychainConstants.swift */; };
		E7E14017295764C500635CCD /* KeyChainManager.swift in Sources */ = {isa = PBXBuildFile; fileRef = E7E14014295764C500635CCD /* KeyChainManager.swift */; };
		E7E14019295764D300635CCD /* OrganizationWorker.swift in Sources */ = {isa = PBXBuildFile; fileRef = E7E14018295764D200635CCD /* OrganizationWorker.swift */; };
		E7E1401B2958735800635CCD /* OnboardingViewModel.swift in Sources */ = {isa = PBXBuildFile; fileRef = E7E1401A2958735800635CCD /* OnboardingViewModel.swift */; };
		E7E1401D2958741700635CCD /* Color.swift in Sources */ = {isa = PBXBuildFile; fileRef = E7E1401C2958741700635CCD /* Color.swift */; };
/* End PBXBuildFile section */

/* Begin PBXFileReference section */
		2907D65538BD7FDBF3B2D1B7 /* Pods-Karma.debug.xcconfig */ = {isa = PBXFileReference; includeInIndex = 1; lastKnownFileType = text.xcconfig; name = "Pods-Karma.debug.xcconfig"; path = "Target Support Files/Pods-Karma/Pods-Karma.debug.xcconfig"; sourceTree = "<group>"; };
		62113E351B962DCB8B9B9EF2 /* Pods_Karma.framework */ = {isa = PBXFileReference; explicitFileType = wrapper.framework; includeInIndex = 0; path = Pods_Karma.framework; sourceTree = BUILT_PRODUCTS_DIR; };
		E722D9412962ED4A00649324 /* WidgetDataSource.swift */ = {isa = PBXFileReference; fileEncoding = 4; lastKnownFileType = sourcecode.swift; path = WidgetDataSource.swift; sourceTree = "<group>"; };
		E722D94D2962EE8400649324 /* ProfileView.swift */ = {isa = PBXFileReference; fileEncoding = 4; lastKnownFileType = sourcecode.swift; path = ProfileView.swift; sourceTree = "<group>"; };
		E722D94E2962EE8400649324 /* AchievementsView.swift */ = {isa = PBXFileReference; fileEncoding = 4; lastKnownFileType = sourcecode.swift; path = AchievementsView.swift; sourceTree = "<group>"; };
		E722D9522962EE9A00649324 /* CredentialViewCell.swift */ = {isa = PBXFileReference; fileEncoding = 4; lastKnownFileType = sourcecode.swift; path = CredentialViewCell.swift; sourceTree = "<group>"; };
		E722D9532962EE9A00649324 /* SettingsView.swift */ = {isa = PBXFileReference; fileEncoding = 4; lastKnownFileType = sourcecode.swift; path = SettingsView.swift; sourceTree = "<group>"; };
		E734CC672949B6FF00941E4C /* Launch Screen.storyboard */ = {isa = PBXFileReference; fileEncoding = 4; lastKnownFileType = file.storyboard; path = "Launch Screen.storyboard"; sourceTree = "<group>"; };
		E734CC6B2949B86400941E4C /* Info.plist */ = {isa = PBXFileReference; lastKnownFileType = text.plist; path = Info.plist; sourceTree = "<group>"; };
		E734CC6E2949B94F00941E4C /* Authorization.swift */ = {isa = PBXFileReference; lastKnownFileType = sourcecode.swift; path = Authorization.swift; sourceTree = "<group>"; };
		E734CC7A2949BA4900941E4C /* OnboardingView.swift */ = {isa = PBXFileReference; lastKnownFileType = sourcecode.swift; path = OnboardingView.swift; sourceTree = "<group>"; };
		E734CC802949BAAF00941E4C /* Constants.swift */ = {isa = PBXFileReference; fileEncoding = 4; lastKnownFileType = sourcecode.swift; path = Constants.swift; sourceTree = "<group>"; };
		E734CC832949BAF500941E4C /* Font.swift */ = {isa = PBXFileReference; fileEncoding = 4; lastKnownFileType = sourcecode.swift; path = Font.swift; sourceTree = "<group>"; };
		E734CC842949BAF500941E4C /* NetworkError.swift */ = {isa = PBXFileReference; fileEncoding = 4; lastKnownFileType = sourcecode.swift; path = NetworkError.swift; sourceTree = "<group>"; };
		E734CC852949BAF600941E4C /* BaseWorker.swift */ = {isa = PBXFileReference; fileEncoding = 4; lastKnownFileType = sourcecode.swift; path = BaseWorker.swift; sourceTree = "<group>"; };
		E734CC862949BAF600941E4C /* View+placeholder.swift */ = {isa = PBXFileReference; fileEncoding = 4; lastKnownFileType = sourcecode.swift; path = "View+placeholder.swift"; sourceTree = "<group>"; };
		E734CC922949BB4F00941E4C /* Montserrat-Light.ttf */ = {isa = PBXFileReference; lastKnownFileType = file; path = "Montserrat-Light.ttf"; sourceTree = "<group>"; };
		E734CC932949BB4F00941E4C /* Montserrat-Medium.ttf */ = {isa = PBXFileReference; lastKnownFileType = file; path = "Montserrat-Medium.ttf"; sourceTree = "<group>"; };
		E734CC942949BB4F00941E4C /* Montserrat-Regular.ttf */ = {isa = PBXFileReference; lastKnownFileType = file; path = "Montserrat-Regular.ttf"; sourceTree = "<group>"; };
		E734CC952949BB5000941E4C /* Montserrat-Bold.ttf */ = {isa = PBXFileReference; lastKnownFileType = file; path = "Montserrat-Bold.ttf"; sourceTree = "<group>"; };
		E747799C2948C0CB0068E4AB /* Karma.app */ = {isa = PBXFileReference; explicitFileType = wrapper.application; includeInIndex = 0; path = Karma.app; sourceTree = BUILT_PRODUCTS_DIR; };
		E747799F2948C0CB0068E4AB /* KarmaApp.swift */ = {isa = PBXFileReference; lastKnownFileType = sourcecode.swift; path = KarmaApp.swift; sourceTree = "<group>"; };
		E74779A32948C0CD0068E4AB /* Assets.xcassets */ = {isa = PBXFileReference; lastKnownFileType = folder.assetcatalog; path = Assets.xcassets; sourceTree = "<group>"; };
		E74779A62948C0CD0068E4AB /* Preview Assets.xcassets */ = {isa = PBXFileReference; lastKnownFileType = folder.assetcatalog; path = "Preview Assets.xcassets"; sourceTree = "<group>"; };
		E74D8DCF2949BC5000B1E949 /* ServiceHelpers.swift */ = {isa = PBXFileReference; lastKnownFileType = sourcecode.swift; path = ServiceHelpers.swift; sourceTree = "<group>"; };
		E74D8DD22949BC7C00B1E949 /* AuthorizationWorker.swift */ = {isa = PBXFileReference; lastKnownFileType = sourcecode.swift; path = AuthorizationWorker.swift; sourceTree = "<group>"; };
		E74D8DD62949C14B00B1E949 /* AuthorizationViewModel.swift */ = {isa = PBXFileReference; fileEncoding = 4; lastKnownFileType = sourcecode.swift; path = AuthorizationViewModel.swift; sourceTree = "<group>"; };
		E74D8DD72949C14B00B1E949 /* AuthorizationView.swift */ = {isa = PBXFileReference; fileEncoding = 4; lastKnownFileType = sourcecode.swift; path = AuthorizationView.swift; sourceTree = "<group>"; };
		E74D8DD82949C14B00B1E949 /* AuthorizationView+LoginView.swift */ = {isa = PBXFileReference; fileEncoding = 4; lastKnownFileType = sourcecode.swift; path = "AuthorizationView+LoginView.swift"; sourceTree = "<group>"; };
		E74D8DDD294AFBFC00B1E949 /* RegistrationViewModel.swift */ = {isa = PBXFileReference; fileEncoding = 4; lastKnownFileType = sourcecode.swift; path = RegistrationViewModel.swift; sourceTree = "<group>"; };
		E74D8DDE294AFBFC00B1E949 /* RegistrationView.swift */ = {isa = PBXFileReference; fileEncoding = 4; lastKnownFileType = sourcecode.swift; path = RegistrationView.swift; sourceTree = "<group>"; };
		E74D8DE1294AFC7500B1E949 /* AuthorizationView+Content.swift */ = {isa = PBXFileReference; fileEncoding = 4; lastKnownFileType = sourcecode.swift; path = "AuthorizationView+Content.swift"; sourceTree = "<group>"; };
		E74D8DE4294C513800B1E949 /* CstTextField.swift */ = {isa = PBXFileReference; lastKnownFileType = sourcecode.swift; path = CstTextField.swift; sourceTree = "<group>"; };
		E74D8DE7294C529200B1E949 /* MainPageView.swift */ = {isa = PBXFileReference; fileEncoding = 4; lastKnownFileType = sourcecode.swift; path = MainPageView.swift; sourceTree = "<group>"; };
		E74D8DEA294C52A400B1E949 /* MainViewModel.swift */ = {isa = PBXFileReference; fileEncoding = 4; lastKnownFileType = sourcecode.swift; path = MainViewModel.swift; sourceTree = "<group>"; };
		E74D8DEB294C52A400B1E949 /* MainView.swift */ = {isa = PBXFileReference; fileEncoding = 4; lastKnownFileType = sourcecode.swift; path = MainView.swift; sourceTree = "<group>"; };
		E74D8DEC294C52A400B1E949 /* MainViewCell.swift */ = {isa = PBXFileReference; fileEncoding = 4; lastKnownFileType = sourcecode.swift; path = MainViewCell.swift; sourceTree = "<group>"; };
		E7A313BC29669436003A4C37 /* ProfileViewModel.swift */ = {isa = PBXFileReference; fileEncoding = 4; lastKnownFileType = sourcecode.swift; path = ProfileViewModel.swift; sourceTree = "<group>"; };
		E7A313BE29669481003A4C37 /* NavigationView.swift */ = {isa = PBXFileReference; fileEncoding = 4; lastKnownFileType = sourcecode.swift; path = NavigationView.swift; sourceTree = "<group>"; };
		E7A313C02966954F003A4C37 /* SettingsProfileWorker.swift */ = {isa = PBXFileReference; fileEncoding = 4; lastKnownFileType = sourcecode.swift; path = SettingsProfileWorker.swift; sourceTree = "<group>"; };
		E7A313C52967084D003A4C37 /* OrganizationDetailsView.swift */ = {isa = PBXFileReference; fileEncoding = 4; lastKnownFileType = sourcecode.swift; path = OrganizationDetailsView.swift; sourceTree = "<group>"; };
		E7BC86A4296B08AB0012793E /* InvitedFriends.swift */ = {isa = PBXFileReference; fileEncoding = 4; lastKnownFileType = sourcecode.swift; path = InvitedFriends.swift; sourceTree = "<group>"; };
		E7BC86A5296B08AB0012793E /* Achievement.swift */ = {isa = PBXFileReference; fileEncoding = 4; lastKnownFileType = sourcecode.swift; path = Achievement.swift; sourceTree = "<group>"; };
		E7BC86A6296B08AB0012793E /* User.swift */ = {isa = PBXFileReference; fileEncoding = 4; lastKnownFileType = sourcecode.swift; path = User.swift; sourceTree = "<group>"; };
		E7BC86AB296B09680012793E /* WidgetAchievementView.swift */ = {isa = PBXFileReference; fileEncoding = 4; lastKnownFileType = sourcecode.swift; path = WidgetAchievementView.swift; sourceTree = "<group>"; };
		E7BC86AC296B09680012793E /* WidgetFactoryView.swift */ = {isa = PBXFileReference; fileEncoding = 4; lastKnownFileType = sourcecode.swift; path = WidgetFactoryView.swift; sourceTree = "<group>"; };
		E7BC86AD296B09680012793E /* WidgetPointsView.swift */ = {isa = PBXFileReference; fileEncoding = 4; lastKnownFileType = sourcecode.swift; path = WidgetPointsView.swift; sourceTree = "<group>"; };
		E7BC86AE296B09680012793E /* WidgetSubscribersView.swift */ = {isa = PBXFileReference; fileEncoding = 4; lastKnownFileType = sourcecode.swift; path = WidgetSubscribersView.swift; sourceTree = "<group>"; };
		E7BC86AF296B09690012793E /* WidgetHelpedView.swift */ = {isa = PBXFileReference; fileEncoding = 4; lastKnownFileType = sourcecode.swift; path = WidgetHelpedView.swift; sourceTree = "<group>"; };
		E7E1400B29575DCE00635CCD /* Organization.swift */ = {isa = PBXFileReference; lastKnownFileType = sourcecode.swift; path = Organization.swift; sourceTree = "<group>"; };
		E7E14012295764C400635CCD /* KeychainAccessType.swift */ = {isa = PBXFileReference; fileEncoding = 4; lastKnownFileType = sourcecode.swift; path = KeychainAccessType.swift; sourceTree = "<group>"; };
		E7E14013295764C400635CCD /* KeychainConstants.swift */ = {isa = PBXFileReference; fileEncoding = 4; lastKnownFileType = sourcecode.swift; path = KeychainConstants.swift; sourceTree = "<group>"; };
		E7E14014295764C500635CCD /* KeyChainManager.swift */ = {isa = PBXFileReference; fileEncoding = 4; lastKnownFileType = sourcecode.swift; path = KeyChainManager.swift; sourceTree = "<group>"; };
		E7E14018295764D200635CCD /* OrganizationWorker.swift */ = {isa = PBXFileReference; fileEncoding = 4; lastKnownFileType = sourcecode.swift; path = OrganizationWorker.swift; sourceTree = "<group>"; };
		E7E1401A2958735800635CCD /* OnboardingViewModel.swift */ = {isa = PBXFileReference; lastKnownFileType = sourcecode.swift; path = OnboardingViewModel.swift; sourceTree = "<group>"; };
		E7E1401C2958741700635CCD /* Color.swift */ = {isa = PBXFileReference; fileEncoding = 4; lastKnownFileType = sourcecode.swift; path = Color.swift; sourceTree = "<group>"; };
		F07637148FD7DA3854C18C75 /* Pods-Karma.release.xcconfig */ = {isa = PBXFileReference; includeInIndex = 1; lastKnownFileType = text.xcconfig; name = "Pods-Karma.release.xcconfig"; path = "Target Support Files/Pods-Karma/Pods-Karma.release.xcconfig"; sourceTree = "<group>"; };
/* End PBXFileReference section */

/* Begin PBXFrameworksBuildPhase section */
		E74779992948C0CB0068E4AB /* Frameworks */ = {
			isa = PBXFrameworksBuildPhase;
			buildActionMask = 2147483647;
			files = (
				BB3819DF36EB73F355CA53F3 /* Pods_Karma.framework in Frameworks */,
			);
			runOnlyForDeploymentPostprocessing = 0;
		};
/* End PBXFrameworksBuildPhase section */

/* Begin PBXGroup section */
		B0B6493EFD3A901078E83F04 /* Pods */ = {
			isa = PBXGroup;
			children = (
				2907D65538BD7FDBF3B2D1B7 /* Pods-Karma.debug.xcconfig */,
				F07637148FD7DA3854C18C75 /* Pods-Karma.release.xcconfig */,
			);
			path = Pods;
			sourceTree = "<group>";
		};
		BADC55945B9C0E8B20738C3A /* Frameworks */ = {
			isa = PBXGroup;
			children = (
				62113E351B962DCB8B9B9EF2 /* Pods_Karma.framework */,
			);
			name = Frameworks;
			sourceTree = "<group>";
		};
		E722D9432962EE3800649324 /* Widgets */ = {
			isa = PBXGroup;
			children = (
				E7BC86AB296B09680012793E /* WidgetAchievementView.swift */,
				E7BC86AC296B09680012793E /* WidgetFactoryView.swift */,
				E7BC86AF296B09690012793E /* WidgetHelpedView.swift */,
				E7BC86AD296B09680012793E /* WidgetPointsView.swift */,
				E7BC86AE296B09680012793E /* WidgetSubscribersView.swift */,
			);
			path = Widgets;
			sourceTree = "<group>";
		};
		E722D94C2962EE7200649324 /* ProfileView */ = {
			isa = PBXGroup;
			children = (
				E7BC86AA296B08EE0012793E /* Achievements */,
				E722D9512962EE8E00649324 /* Settings */,
				E722D94D2962EE8400649324 /* ProfileView.swift */,
				E7A313BC29669436003A4C37 /* ProfileViewModel.swift */,
			);
			path = ProfileView;
			sourceTree = "<group>";
		};
		E722D9512962EE8E00649324 /* Settings */ = {
			isa = PBXGroup;
			children = (
				E722D9432962EE3800649324 /* Widgets */,
				E722D9522962EE9A00649324 /* CredentialViewCell.swift */,
				E722D9532962EE9A00649324 /* SettingsView.swift */,
			);
			path = Settings;
			sourceTree = "<group>";
		};
		E734CC6C2949B94F00941E4C /* Model */ = {
			isa = PBXGroup;
			children = (
				E734CC6D2949B94F00941E4C /* Entity */,
				E734CC6F2949B94F00941E4C /* Service */,
			);
			path = Model;
			sourceTree = "<group>";
		};
		E734CC6D2949B94F00941E4C /* Entity */ = {
			isa = PBXGroup;
			children = (
				E7BC86A5296B08AB0012793E /* Achievement.swift */,
				E7BC86A4296B08AB0012793E /* InvitedFriends.swift */,
				E7BC86A6296B08AB0012793E /* User.swift */,
				E7E1400B29575DCE00635CCD /* Organization.swift */,
				E722D9412962ED4A00649324 /* WidgetDataSource.swift */,
				E734CC6E2949B94F00941E4C /* Authorization.swift */,
			);
			path = Entity;
			sourceTree = "<group>";
		};
		E734CC6F2949B94F00941E4C /* Service */ = {
			isa = PBXGroup;
			children = (
				E7E1400F2957644400635CCD /* Keychain */,
				E74D8DCF2949BC5000B1E949 /* ServiceHelpers.swift */,
				E74D8DD22949BC7C00B1E949 /* AuthorizationWorker.swift */,
				E7A313C02966954F003A4C37 /* SettingsProfileWorker.swift */,
				E7E14018295764D200635CCD /* OrganizationWorker.swift */,
			);
			path = Service;
			sourceTree = "<group>";
		};
		E734CC772949BA0B00941E4C /* View */ = {
			isa = PBXGroup;
			children = (
				E7A313BE29669481003A4C37 /* NavigationView.swift */,
				E74D8DE6294C528100B1E949 /* MainPage */,
				E74D8DDC294AFBD600B1E949 /* Registration */,
				E74D8DD52949C13900B1E949 /* Authorization */,
				E734CC7E2949BA7700941E4C /* Onboarding */,
			);
			path = View;
			sourceTree = "<group>";
		};
		E734CC7E2949BA7700941E4C /* Onboarding */ = {
			isa = PBXGroup;
			children = (
				E7E1401A2958735800635CCD /* OnboardingViewModel.swift */,
				E734CC7A2949BA4900941E4C /* OnboardingView.swift */,
			);
			path = Onboarding;
			sourceTree = "<group>";
		};
		E734CC7F2949BA9A00941E4C /* Utilities */ = {
			isa = PBXGroup;
			children = (
				E734CC8B2949BB1D00941E4C /* Font */,
				E734CC822949BAE800941E4C /* Extensions */,
				E734CC802949BAAF00941E4C /* Constants.swift */,
			);
			path = Utilities;
			sourceTree = "<group>";
		};
		E734CC822949BAE800941E4C /* Extensions */ = {
			isa = PBXGroup;
			children = (
				E7E1401C2958741700635CCD /* Color.swift */,
				E734CC852949BAF600941E4C /* BaseWorker.swift */,
				E734CC832949BAF500941E4C /* Font.swift */,
				E734CC842949BAF500941E4C /* NetworkError.swift */,
				E734CC862949BAF600941E4C /* View+placeholder.swift */,
			);
			path = Extensions;
			sourceTree = "<group>";
		};
		E734CC8B2949BB1D00941E4C /* Font */ = {
			isa = PBXGroup;
			children = (
				E734CC912949BB3C00941E4C /* Montserrat */,
			);
			path = Font;
			sourceTree = "<group>";
		};
		E734CC912949BB3C00941E4C /* Montserrat */ = {
			isa = PBXGroup;
			children = (
				E734CC952949BB5000941E4C /* Montserrat-Bold.ttf */,
				E734CC922949BB4F00941E4C /* Montserrat-Light.ttf */,
				E734CC932949BB4F00941E4C /* Montserrat-Medium.ttf */,
				E734CC942949BB4F00941E4C /* Montserrat-Regular.ttf */,
			);
			path = Montserrat;
			sourceTree = "<group>";
		};
		E74779932948C0CB0068E4AB = {
			isa = PBXGroup;
			children = (
				E747799E2948C0CB0068E4AB /* Karma */,
				E747799D2948C0CB0068E4AB /* Products */,
				B0B6493EFD3A901078E83F04 /* Pods */,
				BADC55945B9C0E8B20738C3A /* Frameworks */,
			);
			sourceTree = "<group>";
		};
		E747799D2948C0CB0068E4AB /* Products */ = {
			isa = PBXGroup;
			children = (
				E747799C2948C0CB0068E4AB /* Karma.app */,
			);
			name = Products;
			sourceTree = "<group>";
		};
		E747799E2948C0CB0068E4AB /* Karma */ = {
			isa = PBXGroup;
			children = (
				E74D8DE3294C512A00B1E949 /* Custom */,
				E734CC7F2949BA9A00941E4C /* Utilities */,
				E734CC6C2949B94F00941E4C /* Model */,
				E734CC772949BA0B00941E4C /* View */,
				E747799F2948C0CB0068E4AB /* KarmaApp.swift */,
				E734CC6B2949B86400941E4C /* Info.plist */,
				E74779A32948C0CD0068E4AB /* Assets.xcassets */,
				E734CC672949B6FF00941E4C /* Launch Screen.storyboard */,
				E74779A52948C0CD0068E4AB /* Preview Content */,
			);
			path = Karma;
			sourceTree = "<group>";
		};
		E74779A52948C0CD0068E4AB /* Preview Content */ = {
			isa = PBXGroup;
			children = (
				E74779A62948C0CD0068E4AB /* Preview Assets.xcassets */,
			);
			path = "Preview Content";
			sourceTree = "<group>";
		};
		E74D8DD52949C13900B1E949 /* Authorization */ = {
			isa = PBXGroup;
			children = (
				E74D8DD72949C14B00B1E949 /* AuthorizationView.swift */,
				E74D8DE1294AFC7500B1E949 /* AuthorizationView+Content.swift */,
				E74D8DD82949C14B00B1E949 /* AuthorizationView+LoginView.swift */,
				E74D8DD62949C14B00B1E949 /* AuthorizationViewModel.swift */,
			);
			path = Authorization;
			sourceTree = "<group>";
		};
		E74D8DDC294AFBD600B1E949 /* Registration */ = {
			isa = PBXGroup;
			children = (
				E74D8DDE294AFBFC00B1E949 /* RegistrationView.swift */,
				E74D8DDD294AFBFC00B1E949 /* RegistrationViewModel.swift */,
			);
			path = Registration;
			sourceTree = "<group>";
		};
		E74D8DE3294C512A00B1E949 /* Custom */ = {
			isa = PBXGroup;
			children = (
				E74D8DE4294C513800B1E949 /* CstTextField.swift */,
			);
			path = Custom;
			sourceTree = "<group>";
		};
		E74D8DE6294C528100B1E949 /* MainPage */ = {
			isa = PBXGroup;
			children = (
				E722D94C2962EE7200649324 /* ProfileView */,
				E74D8DE9294C529500B1E949 /* MainView */,
				E74D8DE7294C529200B1E949 /* MainPageView.swift */,
			);
			path = MainPage;
			sourceTree = "<group>";
		};
		E74D8DE9294C529500B1E949 /* MainView */ = {
			isa = PBXGroup;
			children = (
				E7A313C429670836003A4C37 /* OrgDetails */,
				E74D8DEB294C52A400B1E949 /* MainView.swift */,
				E74D8DEC294C52A400B1E949 /* MainViewCell.swift */,
				E74D8DEA294C52A400B1E949 /* MainViewModel.swift */,
			);
			path = MainView;
			sourceTree = "<group>";
		};
		E7A313C429670836003A4C37 /* OrgDetails */ = {
			isa = PBXGroup;
			children = (
				E7A313C52967084D003A4C37 /* OrganizationDetailsView.swift */,
			);
			path = OrgDetails;
			sourceTree = "<group>";
		};
		E7BC86AA296B08EE0012793E /* Achievements */ = {
			isa = PBXGroup;
			children = (
				E722D94E2962EE8400649324 /* AchievementsView.swift */,
			);
			path = Achievements;
			sourceTree = "<group>";
		};
		E7E1400F2957644400635CCD /* Keychain */ = {
			isa = PBXGroup;
			children = (
				E7E14012295764C400635CCD /* KeychainAccessType.swift */,
				E7E14013295764C400635CCD /* KeychainConstants.swift */,
				E7E14014295764C500635CCD /* KeyChainManager.swift */,
			);
			path = Keychain;
			sourceTree = "<group>";
		};
/* End PBXGroup section */

/* Begin PBXNativeTarget section */
		E747799B2948C0CB0068E4AB /* Karma */ = {
			isa = PBXNativeTarget;
			buildConfigurationList = E74779AA2948C0CD0068E4AB /* Build configuration list for PBXNativeTarget "Karma" */;
			buildPhases = (
				55DAB82A38F4A99094CD74EE /* [CP] Check Pods Manifest.lock */,
				E74779982948C0CB0068E4AB /* Sources */,
				E74779992948C0CB0068E4AB /* Frameworks */,
				E747799A2948C0CB0068E4AB /* Resources */,
				8D170D3F4D7BE5F01803AE00 /* [CP] Embed Pods Frameworks */,
			);
			buildRules = (
			);
			dependencies = (
			);
			name = Karma;
			productName = Karma;
			productReference = E747799C2948C0CB0068E4AB /* Karma.app */;
			productType = "com.apple.product-type.application";
		};
/* End PBXNativeTarget section */

/* Begin PBXProject section */
		E74779942948C0CB0068E4AB /* Project object */ = {
			isa = PBXProject;
			attributes = {
				BuildIndependentTargetsInParallel = 1;
				LastSwiftUpdateCheck = 1400;
				LastUpgradeCheck = 1400;
				TargetAttributes = {
					E747799B2948C0CB0068E4AB = {
						CreatedOnToolsVersion = 14.0.1;
					};
				};
			};
			buildConfigurationList = E74779972948C0CB0068E4AB /* Build configuration list for PBXProject "Karma" */;
			compatibilityVersion = "Xcode 14.0";
			developmentRegion = en;
			hasScannedForEncodings = 0;
			knownRegions = (
				en,
				Base,
			);
			mainGroup = E74779932948C0CB0068E4AB;
			productRefGroup = E747799D2948C0CB0068E4AB /* Products */;
			projectDirPath = "";
			projectRoot = "";
			targets = (
				E747799B2948C0CB0068E4AB /* Karma */,
			);
		};
/* End PBXProject section */

/* Begin PBXResourcesBuildPhase section */
		E747799A2948C0CB0068E4AB /* Resources */ = {
			isa = PBXResourcesBuildPhase;
			buildActionMask = 2147483647;
			files = (
				E734CC982949BB5000941E4C /* Montserrat-Regular.ttf in Resources */,
				E734CC962949BB5000941E4C /* Montserrat-Light.ttf in Resources */,
				E734CC972949BB5000941E4C /* Montserrat-Medium.ttf in Resources */,
				E734CC682949B6FF00941E4C /* Launch Screen.storyboard in Resources */,
				E74779A72948C0CD0068E4AB /* Preview Assets.xcassets in Resources */,
				E74779A42948C0CD0068E4AB /* Assets.xcassets in Resources */,
				E734CC992949BB5000941E4C /* Montserrat-Bold.ttf in Resources */,
			);
			runOnlyForDeploymentPostprocessing = 0;
		};
/* End PBXResourcesBuildPhase section */

/* Begin PBXShellScriptBuildPhase section */
		55DAB82A38F4A99094CD74EE /* [CP] Check Pods Manifest.lock */ = {
			isa = PBXShellScriptBuildPhase;
			buildActionMask = 2147483647;
			files = (
			);
			inputFileListPaths = (
			);
			inputPaths = (
				"${PODS_PODFILE_DIR_PATH}/Podfile.lock",
				"${PODS_ROOT}/Manifest.lock",
			);
			name = "[CP] Check Pods Manifest.lock";
			outputFileListPaths = (
			);
			outputPaths = (
				"$(DERIVED_FILE_DIR)/Pods-Karma-checkManifestLockResult.txt",
			);
			runOnlyForDeploymentPostprocessing = 0;
			shellPath = /bin/sh;
			shellScript = "diff \"${PODS_PODFILE_DIR_PATH}/Podfile.lock\" \"${PODS_ROOT}/Manifest.lock\" > /dev/null\nif [ $? != 0 ] ; then\n    # print error to STDERR\n    echo \"error: The sandbox is not in sync with the Podfile.lock. Run 'pod install' or update your CocoaPods installation.\" >&2\n    exit 1\nfi\n# This output is used by Xcode 'outputs' to avoid re-running this script phase.\necho \"SUCCESS\" > \"${SCRIPT_OUTPUT_FILE_0}\"\n";
			showEnvVarsInLog = 0;
		};
		8D170D3F4D7BE5F01803AE00 /* [CP] Embed Pods Frameworks */ = {
			isa = PBXShellScriptBuildPhase;
			buildActionMask = 2147483647;
			files = (
			);
			inputFileListPaths = (
				"${PODS_ROOT}/Target Support Files/Pods-Karma/Pods-Karma-frameworks-${CONFIGURATION}-input-files.xcfilelist",
			);
			name = "[CP] Embed Pods Frameworks";
			outputFileListPaths = (
				"${PODS_ROOT}/Target Support Files/Pods-Karma/Pods-Karma-frameworks-${CONFIGURATION}-output-files.xcfilelist",
			);
			runOnlyForDeploymentPostprocessing = 0;
			shellPath = /bin/sh;
			shellScript = "\"${PODS_ROOT}/Target Support Files/Pods-Karma/Pods-Karma-frameworks.sh\"\n";
			showEnvVarsInLog = 0;
		};
/* End PBXShellScriptBuildPhase section */

/* Begin PBXSourcesBuildPhase section */
		E74779982948C0CB0068E4AB /* Sources */ = {
			isa = PBXSourcesBuildPhase;
			buildActionMask = 2147483647;
			files = (
				E722D9422962ED4A00649324 /* WidgetDataSource.swift in Sources */,
				E7BC86B2296B09690012793E /* WidgetPointsView.swift in Sources */,
				E734CC7B2949BA4900941E4C /* OnboardingView.swift in Sources */,
				E7A313C62967084E003A4C37 /* OrganizationDetailsView.swift in Sources */,
				E7BC86B3296B09690012793E /* WidgetSubscribersView.swift in Sources */,
				E722D9502962EE8400649324 /* AchievementsView.swift in Sources */,
				E734CC892949BAF600941E4C /* BaseWorker.swift in Sources */,
				E7BC86B0296B09690012793E /* WidgetAchievementView.swift in Sources */,
				E7E14017295764C500635CCD /* KeyChainManager.swift in Sources */,
				E74D8DDA2949C14B00B1E949 /* AuthorizationView.swift in Sources */,
				E7BC86A7296B08AB0012793E /* InvitedFriends.swift in Sources */,
				E722D9552962EE9A00649324 /* SettingsView.swift in Sources */,
				E7E1401B2958735800635CCD /* OnboardingViewModel.swift in Sources */,
				E74D8DDF294AFBFC00B1E949 /* RegistrationViewModel.swift in Sources */,
				E7E14015295764C500635CCD /* KeychainAccessType.swift in Sources */,
				E7E1400C29575DCE00635CCD /* Organization.swift in Sources */,
				E74D8DDB2949C14B00B1E949 /* AuthorizationView+LoginView.swift in Sources */,
				E7E1401D2958741700635CCD /* Color.swift in Sources */,
				E74D8DD02949BC5000B1E949 /* ServiceHelpers.swift in Sources */,
				E734CC8A2949BAF600941E4C /* View+placeholder.swift in Sources */,
				E74D8DD42949BC9500B1E949 /* Authorization.swift in Sources */,
				E74D8DE8294C529200B1E949 /* MainPageView.swift in Sources */,
				E7E14019295764D300635CCD /* OrganizationWorker.swift in Sources */,
				E7BC86A8296B08AB0012793E /* Achievement.swift in Sources */,
				E7A313BD29669436003A4C37 /* ProfileViewModel.swift in Sources */,
				E7E14016295764C500635CCD /* KeychainConstants.swift in Sources */,
				E7A313BF29669481003A4C37 /* NavigationView.swift in Sources */,
				E74D8DE5294C526200B1E949 /* CstTextField.swift in Sources */,
				E722D9542962EE9A00649324 /* CredentialViewCell.swift in Sources */,
				E734CC872949BAF600941E4C /* Font.swift in Sources */,
				E7A313C12966954F003A4C37 /* SettingsProfileWorker.swift in Sources */,
				E74D8DE0294AFBFC00B1E949 /* RegistrationView.swift in Sources */,
				E7BC86A9296B08AB0012793E /* User.swift in Sources */,
				E74D8DEF294C52A400B1E949 /* MainViewCell.swift in Sources */,
				E734CC882949BAF600941E4C /* NetworkError.swift in Sources */,
				E74D8DEE294C52A400B1E949 /* MainView.swift in Sources */,
				E7BC86B4296B09690012793E /* WidgetHelpedView.swift in Sources */,
				E722D94F2962EE8400649324 /* ProfileView.swift in Sources */,
				E74D8DED294C52A400B1E949 /* MainViewModel.swift in Sources */,
				E74779A02948C0CB0068E4AB /* KarmaApp.swift in Sources */,
				E7BC86B1296B09690012793E /* WidgetFactoryView.swift in Sources */,
				E74D8DE2294AFC7500B1E949 /* AuthorizationView+Content.swift in Sources */,
				E734CC812949BAAF00941E4C /* Constants.swift in Sources */,
				E74D8DD32949BC7C00B1E949 /* AuthorizationWorker.swift in Sources */,
				E74D8DD92949C14B00B1E949 /* AuthorizationViewModel.swift in Sources */,
			);
			runOnlyForDeploymentPostprocessing = 0;
		};
/* End PBXSourcesBuildPhase section */

/* Begin XCBuildConfiguration section */
		E74779A82948C0CD0068E4AB /* Debug */ = {
			isa = XCBuildConfiguration;
			buildSettings = {
				ALWAYS_SEARCH_USER_PATHS = NO;
				CLANG_ANALYZER_NONNULL = YES;
				CLANG_ANALYZER_NUMBER_OBJECT_CONVERSION = YES_AGGRESSIVE;
				CLANG_CXX_LANGUAGE_STANDARD = "gnu++20";
				CLANG_ENABLE_MODULES = YES;
				CLANG_ENABLE_OBJC_ARC = YES;
				CLANG_ENABLE_OBJC_WEAK = YES;
				CLANG_WARN_BLOCK_CAPTURE_AUTORELEASING = YES;
				CLANG_WARN_BOOL_CONVERSION = YES;
				CLANG_WARN_COMMA = YES;
				CLANG_WARN_CONSTANT_CONVERSION = YES;
				CLANG_WARN_DEPRECATED_OBJC_IMPLEMENTATIONS = YES;
				CLANG_WARN_DIRECT_OBJC_ISA_USAGE = YES_ERROR;
				CLANG_WARN_DOCUMENTATION_COMMENTS = YES;
				CLANG_WARN_EMPTY_BODY = YES;
				CLANG_WARN_ENUM_CONVERSION = YES;
				CLANG_WARN_INFINITE_RECURSION = YES;
				CLANG_WARN_INT_CONVERSION = YES;
				CLANG_WARN_NON_LITERAL_NULL_CONVERSION = YES;
				CLANG_WARN_OBJC_IMPLICIT_RETAIN_SELF = YES;
				CLANG_WARN_OBJC_LITERAL_CONVERSION = YES;
				CLANG_WARN_OBJC_ROOT_CLASS = YES_ERROR;
				CLANG_WARN_QUOTED_INCLUDE_IN_FRAMEWORK_HEADER = YES;
				CLANG_WARN_RANGE_LOOP_ANALYSIS = YES;
				CLANG_WARN_STRICT_PROTOTYPES = YES;
				CLANG_WARN_SUSPICIOUS_MOVE = YES;
				CLANG_WARN_UNGUARDED_AVAILABILITY = YES_AGGRESSIVE;
				CLANG_WARN_UNREACHABLE_CODE = YES;
				CLANG_WARN__DUPLICATE_METHOD_MATCH = YES;
				COPY_PHASE_STRIP = NO;
				DEBUG_INFORMATION_FORMAT = dwarf;
				ENABLE_STRICT_OBJC_MSGSEND = YES;
				ENABLE_TESTABILITY = YES;
				GCC_C_LANGUAGE_STANDARD = gnu11;
				GCC_DYNAMIC_NO_PIC = NO;
				GCC_NO_COMMON_BLOCKS = YES;
				GCC_OPTIMIZATION_LEVEL = 0;
				GCC_PREPROCESSOR_DEFINITIONS = (
					"DEBUG=1",
					"$(inherited)",
				);
				GCC_WARN_64_TO_32_BIT_CONVERSION = YES;
				GCC_WARN_ABOUT_RETURN_TYPE = YES_ERROR;
				GCC_WARN_UNDECLARED_SELECTOR = YES;
				GCC_WARN_UNINITIALIZED_AUTOS = YES_AGGRESSIVE;
				GCC_WARN_UNUSED_FUNCTION = YES;
				GCC_WARN_UNUSED_VARIABLE = YES;
				IPHONEOS_DEPLOYMENT_TARGET = 14.0;
				MTL_ENABLE_DEBUG_INFO = INCLUDE_SOURCE;
				MTL_FAST_MATH = YES;
				ONLY_ACTIVE_ARCH = YES;
				SDKROOT = iphoneos;
				SWIFT_ACTIVE_COMPILATION_CONDITIONS = DEBUG;
				SWIFT_OPTIMIZATION_LEVEL = "-Onone";
			};
			name = Debug;
		};
		E74779A92948C0CD0068E4AB /* Release */ = {
			isa = XCBuildConfiguration;
			buildSettings = {
				ALWAYS_SEARCH_USER_PATHS = NO;
				CLANG_ANALYZER_NONNULL = YES;
				CLANG_ANALYZER_NUMBER_OBJECT_CONVERSION = YES_AGGRESSIVE;
				CLANG_CXX_LANGUAGE_STANDARD = "gnu++20";
				CLANG_ENABLE_MODULES = YES;
				CLANG_ENABLE_OBJC_ARC = YES;
				CLANG_ENABLE_OBJC_WEAK = YES;
				CLANG_WARN_BLOCK_CAPTURE_AUTORELEASING = YES;
				CLANG_WARN_BOOL_CONVERSION = YES;
				CLANG_WARN_COMMA = YES;
				CLANG_WARN_CONSTANT_CONVERSION = YES;
				CLANG_WARN_DEPRECATED_OBJC_IMPLEMENTATIONS = YES;
				CLANG_WARN_DIRECT_OBJC_ISA_USAGE = YES_ERROR;
				CLANG_WARN_DOCUMENTATION_COMMENTS = YES;
				CLANG_WARN_EMPTY_BODY = YES;
				CLANG_WARN_ENUM_CONVERSION = YES;
				CLANG_WARN_INFINITE_RECURSION = YES;
				CLANG_WARN_INT_CONVERSION = YES;
				CLANG_WARN_NON_LITERAL_NULL_CONVERSION = YES;
				CLANG_WARN_OBJC_IMPLICIT_RETAIN_SELF = YES;
				CLANG_WARN_OBJC_LITERAL_CONVERSION = YES;
				CLANG_WARN_OBJC_ROOT_CLASS = YES_ERROR;
				CLANG_WARN_QUOTED_INCLUDE_IN_FRAMEWORK_HEADER = YES;
				CLANG_WARN_RANGE_LOOP_ANALYSIS = YES;
				CLANG_WARN_STRICT_PROTOTYPES = YES;
				CLANG_WARN_SUSPICIOUS_MOVE = YES;
				CLANG_WARN_UNGUARDED_AVAILABILITY = YES_AGGRESSIVE;
				CLANG_WARN_UNREACHABLE_CODE = YES;
				CLANG_WARN__DUPLICATE_METHOD_MATCH = YES;
				COPY_PHASE_STRIP = NO;
				DEBUG_INFORMATION_FORMAT = "dwarf-with-dsym";
				ENABLE_NS_ASSERTIONS = NO;
				ENABLE_STRICT_OBJC_MSGSEND = YES;
				GCC_C_LANGUAGE_STANDARD = gnu11;
				GCC_NO_COMMON_BLOCKS = YES;
				GCC_WARN_64_TO_32_BIT_CONVERSION = YES;
				GCC_WARN_ABOUT_RETURN_TYPE = YES_ERROR;
				GCC_WARN_UNDECLARED_SELECTOR = YES;
				GCC_WARN_UNINITIALIZED_AUTOS = YES_AGGRESSIVE;
				GCC_WARN_UNUSED_FUNCTION = YES;
				GCC_WARN_UNUSED_VARIABLE = YES;
				IPHONEOS_DEPLOYMENT_TARGET = 14.0;
				MTL_ENABLE_DEBUG_INFO = NO;
				MTL_FAST_MATH = YES;
				SDKROOT = iphoneos;
				SWIFT_COMPILATION_MODE = wholemodule;
				SWIFT_OPTIMIZATION_LEVEL = "-O";
				VALIDATE_PRODUCT = YES;
			};
			name = Release;
		};
		E74779AB2948C0CD0068E4AB /* Debug */ = {
			isa = XCBuildConfiguration;
			baseConfigurationReference = 2907D65538BD7FDBF3B2D1B7 /* Pods-Karma.debug.xcconfig */;
			buildSettings = {
				ASSETCATALOG_COMPILER_APPICON_NAME = AppIcon;
				ASSETCATALOG_COMPILER_GLOBAL_ACCENT_COLOR_NAME = AccentColor;
				CODE_SIGN_STYLE = Automatic;
				CURRENT_PROJECT_VERSION = 1;
				DEVELOPMENT_ASSET_PATHS = "\"Karma/Preview Content\"";
				DEVELOPMENT_TEAM = U8RYS8TVG9;
				ENABLE_PREVIEWS = YES;
				GENERATE_INFOPLIST_FILE = YES;
				INFOPLIST_FILE = Karma/Info.plist;
				INFOPLIST_KEY_UIApplicationSceneManifest_Generation = YES;
				INFOPLIST_KEY_UIApplicationSupportsIndirectInputEvents = YES;
				INFOPLIST_KEY_UILaunchScreen_Generation = YES;
				INFOPLIST_KEY_UILaunchStoryboardName = "Launch Screen.storyboard";
				INFOPLIST_KEY_UISupportedInterfaceOrientations = UIInterfaceOrientationPortrait;
				IPHONEOS_DEPLOYMENT_TARGET = 14.0;
				LD_RUNPATH_SEARCH_PATHS = (
					"$(inherited)",
					"@executable_path/Frameworks",
				);
				MARKETING_VERSION = 1.0;
				PRODUCT_BUNDLE_IDENTIFIER = com.azri.Karma;
				PRODUCT_NAME = "$(TARGET_NAME)";
				SWIFT_EMIT_LOC_STRINGS = YES;
				SWIFT_VERSION = 5.0;
				TARGETED_DEVICE_FAMILY = "1,2";
			};
			name = Debug;
		};
		E74779AC2948C0CD0068E4AB /* Release */ = {
			isa = XCBuildConfiguration;
			baseConfigurationReference = F07637148FD7DA3854C18C75 /* Pods-Karma.release.xcconfig */;
			buildSettings = {
				ASSETCATALOG_COMPILER_APPICON_NAME = AppIcon;
				ASSETCATALOG_COMPILER_GLOBAL_ACCENT_COLOR_NAME = AccentColor;
				CODE_SIGN_STYLE = Automatic;
				CURRENT_PROJECT_VERSION = 1;
				DEVELOPMENT_ASSET_PATHS = "\"Karma/Preview Content\"";
				DEVELOPMENT_TEAM = U8RYS8TVG9;
				ENABLE_PREVIEWS = YES;
				GENERATE_INFOPLIST_FILE = YES;
				INFOPLIST_FILE = Karma/Info.plist;
				INFOPLIST_KEY_UIApplicationSceneManifest_Generation = YES;
				INFOPLIST_KEY_UIApplicationSupportsIndirectInputEvents = YES;
				INFOPLIST_KEY_UILaunchScreen_Generation = YES;
				INFOPLIST_KEY_UILaunchStoryboardName = "Launch Screen.storyboard";
				INFOPLIST_KEY_UISupportedInterfaceOrientations = UIInterfaceOrientationPortrait;
				IPHONEOS_DEPLOYMENT_TARGET = 14.0;
				LD_RUNPATH_SEARCH_PATHS = (
					"$(inherited)",
					"@executable_path/Frameworks",
				);
				MARKETING_VERSION = 1.0;
				PRODUCT_BUNDLE_IDENTIFIER = com.azri.Karma;
				PRODUCT_NAME = "$(TARGET_NAME)";
				SWIFT_EMIT_LOC_STRINGS = YES;
				SWIFT_VERSION = 5.0;
				TARGETED_DEVICE_FAMILY = "1,2";
			};
			name = Release;
		};
/* End XCBuildConfiguration section */

/* Begin XCConfigurationList section */
		E74779972948C0CB0068E4AB /* Build configuration list for PBXProject "Karma" */ = {
			isa = XCConfigurationList;
			buildConfigurations = (
				E74779A82948C0CD0068E4AB /* Debug */,
				E74779A92948C0CD0068E4AB /* Release */,
			);
			defaultConfigurationIsVisible = 0;
			defaultConfigurationName = Release;
		};
		E74779AA2948C0CD0068E4AB /* Build configuration list for PBXNativeTarget "Karma" */ = {
			isa = XCConfigurationList;
			buildConfigurations = (
				E74779AB2948C0CD0068E4AB /* Debug */,
				E74779AC2948C0CD0068E4AB /* Release */,
			);
			defaultConfigurationIsVisible = 0;
			defaultConfigurationName = Release;
		};
/* End XCConfigurationList section */
	};
	rootObject = E74779942948C0CB0068E4AB /* Project object */;
}
